
Microsoft Visual Studio Solution File, Format Version 12.00
# Visual Studio Version 16
VisualStudioVersion = 16.0.809.6
MinimumVisualStudioVersion = 10.0.40219.1
Project("{FAE04EC0-301F-11D3-BF4B-00C04F79EFBC}") = "Hangman", "Hangman\Hangman.csproj", "{C86A48D0-9AB6-4776-9206-D3085E30DD32}"
EndProject
Global
	GlobalSection(SolutionConfigurationPlatforms) = preSolution
		Debug|Any CPU = Debug|Any CPU
		Release|Any CPU = Release|Any CPU
	EndGlobalSection
	GlobalSection(ProjectConfigurationPlatforms) = postSolution
		{C86A48D0-9AB6-4776-9206-D3085E30DD32}.Debug|Any CPU.ActiveCfg = Debug|Any CPU
		{C86A48D0-9AB6-4776-9206-D3085E30DD32}.Debug|Any CPU.Build.0 = Debug|Any CPU
		{C86A48D0-9AB6-4776-9206-D3085E30DD32}.Release|Any CPU.ActiveCfg = Release|Any CPU
		{C86A48D0-9AB6-4776-9206-D3085E30DD32}.Release|Any CPU.Build.0 = Release|Any CPU
	EndGlobalSection
	GlobalSection(SolutionProperties) = preSolution
		HideSolutionNode = FALSE
	EndGlobalSection
	GlobalSection(ExtensibilityGlobals) = postSolution
		SolutionGuid = {F9EDD220-2456-4537-9429-B55524B56FB0}
	EndGlobalSection
EndGlobal
